github.com/androiddrew/ortenv v0.2.0 h1:qYhIAAOy2HJyc4FHGmdbq3dk41RpiBQxlncMcDKAehA=
github.com/androiddrew/ortenv v0.2.0/go.mod h1:v0we3sbtZaSgJSzI/4OhEUGfQyuZM9aYAxcUOCl+8W0=
github.com/yalue/onnxruntime_go v1.22.0 h1:SzqOfFRRrLRRAFR5VoSxABjTiQSAi8Y4ETYKrMFK1jk=
github.com/yalue/onnxruntime_go v1.22.0/go.mod h1:b4X26A8pekNb1ACJ58wAXgNKeUCGEAQ9dmACut9Sm/4=
